
Microsoft Visual Studio Solution File, Format Version 12.00
# Visual Studio Version 17
VisualStudioVersion = 17.11.35327.3
MinimumVisualStudioVersion = 10.0.40219.1
Project("{FAE04EC0-301F-11D3-BF4B-00C04F79EFBC}") = "pesquisa-binaria", "pesquisa-binaria\pesquisa-binaria.csproj", "{4C0EDFC0-075E-4BFA-BA04-0775BA0B8947}"
EndProject
Global
	GlobalSection(SolutionConfigurationPlatforms) = preSolution
		Debug|Any CPU = Debug|Any CPU
		Release|Any CPU = Release|Any CPU
	EndGlobalSection
	GlobalSection(ProjectConfigurationPlatforms) = postSolution
		{4C0EDFC0-075E-4BFA-BA04-0775BA0B8947}.Debug|Any CPU.ActiveCfg = Debug|Any CPU
		{4C0EDFC0-075E-4BFA-BA04-0775BA0B8947}.Debug|Any CPU.Build.0 = Debug|Any CPU
		{4C0EDFC0-075E-4BFA-BA04-0775BA0B8947}.Release|Any CPU.ActiveCfg = Release|Any CPU
		{4C0EDFC0-075E-4BFA-BA04-0775BA0B8947}.Release|Any CPU.Build.0 = Release|Any CPU
	EndGlobalSection
	GlobalSection(SolutionProperties) = preSolution
		HideSolutionNode = FALSE
	EndGlobalSection
	GlobalSection(ExtensibilityGlobals) = postSolution
		SolutionGuid = {CFAC674D-10A8-417C-99F9-0149D056E3C9}
	EndGlobalSection
EndGlobal
